
Microsoft Visual Studio Solution File, Format Version 12.00
# Visual Studio 2012
Project("{FAE04EC0-301F-11D3-BF4B-00C04F79EFBC}") = "NGinnBPM.ProcessModel", "NGinnBPM.ProcessModel\NGinnBPM.ProcessModel.csproj", "{06C887F0-0CB6-4B05-8A53-628ADA7BB969}"
EndProject
Project("{FAE04EC0-301F-11D3-BF4B-00C04F79EFBC}") = "NGinnBPM.Runtime", "NGinnBPM.Runtime\NGinnBPM.Runtime.csproj", "{1EAFF797-331D-4F67-BE8A-91C89B2E170B}"
EndProject
Global
	GlobalSection(SolutionConfigurationPlatforms) = preSolution
		Debug|Any CPU = Debug|Any CPU
		Release|Any CPU = Release|Any CPU
	EndGlobalSection
	GlobalSection(ProjectConfigurationPlatforms) = postSolution
		{06C887F0-0CB6-4B05-8A53-628ADA7BB969}.Debug|Any CPU.ActiveCfg = Debug|Any CPU
		{06C887F0-0CB6-4B05-8A53-628ADA7BB969}.Debug|Any CPU.Build.0 = Debug|Any CPU
		{06C887F0-0CB6-4B05-8A53-628ADA7BB969}.Release|Any CPU.ActiveCfg = Release|Any CPU
		{06C887F0-0CB6-4B05-8A53-628ADA7BB969}.Release|Any CPU.Build.0 = Release|Any CPU
		{1EAFF797-331D-4F67-BE8A-91C89B2E170B}.Debug|Any CPU.ActiveCfg = Debug|Any CPU
		{1EAFF797-331D-4F67-BE8A-91C89B2E170B}.Debug|Any CPU.Build.0 = Debug|Any CPU
		{1EAFF797-331D-4F67-BE8A-91C89B2E170B}.Release|Any CPU.ActiveCfg = Release|Any CPU
		{1EAFF797-331D-4F67-BE8A-91C89B2E170B}.Release|Any CPU.Build.0 = Release|Any CPU
	EndGlobalSection
	GlobalSection(SolutionProperties) = preSolution
		HideSolutionNode = FALSE
	EndGlobalSection
EndGlobal
